
Microsoft Visual Studio Solution File, Format Version 12.00
# Visual Studio Version 17
VisualStudioVersion = 17.0.32112.339
MinimumVisualStudioVersion = 10.0.40219.1
Project("{FAE04EC0-301F-11D3-BF4B-00C04F79EFBC}") = "AbstractClasses", "AbstractClasses\AbstractClasses.csproj", "{A13263C3-5348-4E13-838D-83FA9C442370}"
EndProject
Global
	GlobalSection(SolutionConfigurationPlatforms) = preSolution
		Debug|Any CPU = Debug|Any CPU
		Release|Any CPU = Release|Any CPU
	EndGlobalSection
	GlobalSection(ProjectConfigurationPlatforms) = postSolution
		{A13263C3-5348-4E13-838D-83FA9C442370}.Debug|Any CPU.ActiveCfg = Debug|Any CPU
		{A13263C3-5348-4E13-838D-83FA9C442370}.Debug|Any CPU.Build.0 = Debug|Any CPU
		{A13263C3-5348-4E13-838D-83FA9C442370}.Release|Any CPU.ActiveCfg = Release|Any CPU
		{A13263C3-5348-4E13-838D-83FA9C442370}.Release|Any CPU.Build.0 = Release|Any CPU
	EndGlobalSection
	GlobalSection(SolutionProperties) = preSolution
		HideSolutionNode = FALSE
	EndGlobalSection
	GlobalSection(ExtensibilityGlobals) = postSolution
		SolutionGuid = {023DD9F3-EF4E-4579-B5DB-A131CD9D6BB1}
	EndGlobalSection
EndGlobal
